<Solution>
    <Folder Name="/examples/">
        <Project Path="examples/OrderManagement/OrderManagement.Api/OrderManagement.Api.csproj"/>
        <Project Path="examples/OrderManagement/OrderManagement.Business/OrderManagement.Business.csproj"/>
        <Project Path="examples/OrderManagement/OrderManagement.Data/OrderManagement.Data.csproj"/>
    </Folder>
    <Folder Name="/src/">
        <Project Path="src/MagicCSharp/MagicCSharp.csproj"/>
        <Project Path="src/MagicCSharp.App/MagicCSharp.App.csproj"/>
        <Project Path="src/MagicCSharp.AspNetCore/MagicCSharp.AspNetCore.csproj"/>
        <Project Path="src/MagicCSharp.Cli/MagicCSharp.Cli.csproj"/>
        <Project Path="src/MagicCSharp.Data/MagicCSharp.Data.csproj"/>
        <Project Path="src/MagicCSharp.Data.EntityFramework/MagicCSharp.Data.EntityFramework.csproj"/>
        <Project Path="src/MagicCSharp.Data.Postgres/MagicCSharp.Data.Postgres.csproj"/>
        <Project Path="src/MagicCSharp.Events/MagicCSharp.Events.csproj"/>
        <Project Path="src/MagicCSharp.Events.Kafka/MagicCSharp.Events.Kafka.csproj"/>
        <Project Path="src/MagicCSharp.Events.SQS/MagicCSharp.Events.SQS.csproj"/>
        <Project Path="src/MagicCSharp.Scheduling/MagicCSharp.Scheduling.csproj"/>
        <Project Path="src/MagicCSharp.Testing/MagicCSharp.Testing.csproj"/>
        <Project Path="src/MagicCSharp.Testing.Database/MagicCSharp.Testing.Database.csproj"/>
    </Folder>
    <Folder Name="/templates/">
        <Project Path="templates/MagicCSharp.Templates.csproj"/>
    </Folder>
    <Folder Name="/tests/">
        <Project Path="tests/MagicCSharp.App.Tests/MagicCSharp.App.Tests.csproj"/>
        <Project Path="tests/MagicCSharp.AspNetCore.Tests/MagicCSharp.AspNetCore.Tests.csproj"/>
        <Project Path="tests/MagicCSharp.Cli.Tests/MagicCSharp.Cli.Tests.csproj"/>
        <Project Path="tests/MagicCSharp.Tests/MagicCSharp.Tests.csproj"/>
    </Folder>
    <Properties Name="Configuration">
        <Property Name="Debug|AnyCPU"/>
        <Property Name="Release|AnyCPU"/>
    </Properties>
</Solution>
